
Microsoft Visual Studio Solution File, Format Version 12.00
# Visual Studio Version 17
VisualStudioVersion = 17.4.33213.308
MinimumVisualStudioVersion = 10.0.40219.1
Project("{9A19103F-16F7-4668-BE54-9A1E7A4F7556}") = "ClientConvertisseurV1", "ClientConvertisseurV1\ClientConvertisseurV1.csproj", "{EE53AB3D-9270-40B9-9382-909C61EE6501}"
EndProject
Project("{9A19103F-16F7-4668-BE54-9A1E7A4F7556}") = "ClientConvertisseurV2", "ClientConvertisseurV2\ClientConvertisseurV2.csproj", "{19E925D2-0710-4550-B98D-15E5E1D9421C}"
EndProject
Project("{9A19103F-16F7-4668-BE54-9A1E7A4F7556}") = "ClientConvertisseurV2Tests", "ClientConvertisseurV2Tests\ClientConvertisseurV2Tests.csproj", "{89C65CC4-F4CB-4AD4-80DF-31E373D327ED}"
EndProject
Project("{FAE04EC0-301F-11D3-BF4B-00C04F79EFBC}") = "App1", "App1\App1.csproj", "{D74A98D8-DF56-47E3-B108-524956751BF7}"
EndProject
Global
	GlobalSection(SolutionConfigurationPlatforms) = preSolution
		Debug|Any CPU = Debug|Any CPU
		Debug|ARM64 = Debug|ARM64
		Debug|x64 = Debug|x64
		Debug|x86 = Debug|x86
		Release|Any CPU = Release|Any CPU
		Release|ARM64 = Release|ARM64
		Release|x64 = Release|x64
		Release|x86 = Release|x86
	EndGlobalSection
	GlobalSection(ProjectConfigurationPlatforms) = postSolution
		{EE53AB3D-9270-40B9-9382-909C61EE6501}.Debug|Any CPU.ActiveCfg = Debug|x64
		{EE53AB3D-9270-40B9-9382-909C61EE6501}.Debug|Any CPU.Build.0 = Debug|x64
		{EE53AB3D-9270-40B9-9382-909C61EE6501}.Debug|Any CPU.Deploy.0 = Debug|x64
		{EE53AB3D-9270-40B9-9382-909C61EE6501}.Debug|ARM64.ActiveCfg = Debug|ARM64
		{EE53AB3D-9270-40B9-9382-909C61EE6501}.Debug|ARM64.Build.0 = Debug|ARM64
		{EE53AB3D-9270-40B9-9382-909C61EE6501}.Debug|ARM64.Deploy.0 = Debug|ARM64
		{EE53AB3D-9270-40B9-9382-909C61EE6501}.Debug|x64.ActiveCfg = Debug|x64
		{EE53AB3D-9270-40B9-9382-909C61EE6501}.Debug|x64.Build.0 = Debug|x64
		{EE53AB3D-9270-40B9-9382-909C61EE6501}.Debug|x64.Deploy.0 = Debug|x64
		{EE53AB3D-9270-40B9-9382-909C61EE6501}.Debug|x86.ActiveCfg = Debug|x86
		{EE53AB3D-9270-40B9-9382-909C61EE6501}.Debug|x86.Build.0 = Debug|x86
		{EE53AB3D-9270-40B9-9382-909C61EE6501}.Debug|x86.Deploy.0 = Debug|x86
		{EE53AB3D-9270-40B9-9382-909C61EE6501}.Release|Any CPU.ActiveCfg = Release|x64
		{EE53AB3D-9270-40B9-9382-909C61EE6501}.Release|Any CPU.Build.0 = Release|x64
		{EE53AB3D-9270-40B9-9382-909C61EE6501}.Release|Any CPU.Deploy.0 = Release|x64
		{EE53AB3D-9270-40B9-9382-909C61EE6501}.Release|ARM64.ActiveCfg = Release|ARM64
		{EE53AB3D-9270-40B9-9382-909C61EE6501}.Release|ARM64.Build.0 = Release|ARM64
		{EE53AB3D-9270-40B9-9382-909C61EE6501}.Release|ARM64.Deploy.0 = Release|ARM64
		{EE53AB3D-9270-40B9-9382-909C61EE6501}.Release|x64.ActiveCfg = Release|x64
		{EE53AB3D-9270-40B9-9382-909C61EE6501}.Release|x64.Build.0 = Release|x64
		{EE53AB3D-9270-40B9-9382-909C61EE6501}.Release|x64.Deploy.0 = Release|x64
		{EE53AB3D-9270-40B9-9382-909C61EE6501}.Release|x86.ActiveCfg = Release|x86
		{EE53AB3D-9270-40B9-9382-909C61EE6501}.Release|x86.Build.0 = Release|x86
		{EE53AB3D-9270-40B9-9382-909C61EE6501}.Release|x86.Deploy.0 = Release|x86
		{19E925D2-0710-4550-B98D-15E5E1D9421C}.Debug|Any CPU.ActiveCfg = Debug|x64
		{19E925D2-0710-4550-B98D-15E5E1D9421C}.Debug|Any CPU.Build.0 = Debug|x64
		{19E925D2-0710-4550-B98D-15E5E1D9421C}.Debug|Any CPU.Deploy.0 = Debug|x64
		{19E925D2-0710-4550-B98D-15E5E1D9421C}.Debug|ARM64.ActiveCfg = Debug|ARM64
		{19E925D2-0710-4550-B98D-15E5E1D9421C}.Debug|ARM64.Build.0 = Debug|ARM64
		{19E925D2-0710-4550-B98D-15E5E1D9421C}.Debug|ARM64.Deploy.0 = Debug|ARM64
		{19E925D2-0710-4550-B98D-15E5E1D9421C}.Debug|x64.ActiveCfg = Debug|x64
		{19E925D2-0710-4550-B98D-15E5E1D9421C}.Debug|x64.Build.0 = Debug|x64
		{19E925D2-0710-4550-B98D-15E5E1D9421C}.Debug|x64.Deploy.0 = Debug|x64
		{19E925D2-0710-4550-B98D-15E5E1D9421C}.Debug|x86.ActiveCfg = Debug|x86
		{19E925D2-0710-4550-B98D-15E5E1D9421C}.Debug|x86.Build.0 = Debug|x86
		{19E925D2-0710-4550-B98D-15E5E1D9421C}.Debug|x86.Deploy.0 = Debug|x86
		{19E925D2-0710-4550-B98D-15E5E1D9421C}.Release|Any CPU.ActiveCfg = Release|x64
		{19E925D2-0710-4550-B98D-15E5E1D9421C}.Release|Any CPU.Build.0 = Release|x64
		{19E925D2-0710-4550-B98D-15E5E1D9421C}.Release|Any CPU.Deploy.0 = Release|x64
		{19E925D2-0710-4550-B98D-15E5E1D9421C}.Release|ARM64.ActiveCfg = Release|ARM64
		{19E925D2-0710-4550-B98D-15E5E1D9421C}.Release|ARM64.Build.0 = Release|ARM64
		{19E925D2-0710-4550-B98D-15E5E1D9421C}.Release|ARM64.Deploy.0 = Release|ARM64
		{19E925D2-0710-4550-B98D-15E5E1D9421C}.Release|x64.ActiveCfg = Release|x64
		{19E925D2-0710-4550-B98D-15E5E1D9421C}.Release|x64.Build.0 = Release|x64
		{19E925D2-0710-4550-B98D-15E5E1D9421C}.Release|x64.Deploy.0 = Release|x64
		{19E925D2-0710-4550-B98D-15E5E1D9421C}.Release|x86.ActiveCfg = Release|x86
		{19E925D2-0710-4550-B98D-15E5E1D9421C}.Release|x86.Build.0 = Release|x86
		{19E925D2-0710-4550-B98D-15E5E1D9421C}.Release|x86.Deploy.0 = Release|x86
		{89C65CC4-F4CB-4AD4-80DF-31E373D327ED}.Debug|Any CPU.ActiveCfg = Debug|Any CPU
		{89C65CC4-F4CB-4AD4-80DF-31E373D327ED}.Debug|Any CPU.Build.0 = Debug|Any CPU
		{89C65CC4-F4CB-4AD4-80DF-31E373D327ED}.Debug|ARM64.ActiveCfg = Debug|Any CPU
		{89C65CC4-F4CB-4AD4-80DF-31E373D327ED}.Debug|ARM64.Build.0 = Debug|Any CPU
		{89C65CC4-F4CB-4AD4-80DF-31E373D327ED}.Debug|x64.ActiveCfg = Debug|Any CPU
		{89C65CC4-F4CB-4AD4-80DF-31E373D327ED}.Debug|x64.Build.0 = Debug|Any CPU
		{89C65CC4-F4CB-4AD4-80DF-31E373D327ED}.Debug|x86.ActiveCfg = Debug|Any CPU
		{89C65CC4-F4CB-4AD4-80DF-31E373D327ED}.Debug|x86.Build.0 = Debug|Any CPU
		{89C65CC4-F4CB-4AD4-80DF-31E373D327ED}.Release|Any CPU.ActiveCfg = Release|Any CPU
		{89C65CC4-F4CB-4AD4-80DF-31E373D327ED}.Release|Any CPU.Build.0 = Release|Any CPU
		{89C65CC4-F4CB-4AD4-80DF-31E373D327ED}.Release|ARM64.ActiveCfg = Release|Any CPU
		{89C65CC4-F4CB-4AD4-80DF-31E373D327ED}.Release|ARM64.Build.0 = Release|Any CPU
		{89C65CC4-F4CB-4AD4-80DF-31E373D327ED}.Release|x64.ActiveCfg = Release|Any CPU
		{89C65CC4-F4CB-4AD4-80DF-31E373D327ED}.Release|x64.Build.0 = Release|Any CPU
		{89C65CC4-F4CB-4AD4-80DF-31E373D327ED}.Release|x86.ActiveCfg = Release|Any CPU
		{89C65CC4-F4CB-4AD4-80DF-31E373D327ED}.Release|x86.Build.0 = Release|Any CPU
		{D74A98D8-DF56-47E3-B108-524956751BF7}.Debug|Any CPU.ActiveCfg = Debug|x64
		{D74A98D8-DF56-47E3-B108-524956751BF7}.Debug|Any CPU.Build.0 = Debug|x64
		{D74A98D8-DF56-47E3-B108-524956751BF7}.Debug|Any CPU.Deploy.0 = Debug|x64
		{D74A98D8-DF56-47E3-B108-524956751BF7}.Debug|ARM64.ActiveCfg = Debug|ARM64
		{D74A98D8-DF56-47E3-B108-524956751BF7}.Debug|ARM64.Build.0 = Debug|ARM64
		{D74A98D8-DF56-47E3-B108-524956751BF7}.Debug|ARM64.Deploy.0 = Debug|ARM64
		{D74A98D8-DF56-47E3-B108-524956751BF7}.Debug|x64.ActiveCfg = Debug|x64
		{D74A98D8-DF56-47E3-B108-524956751BF7}.Debug|x64.Build.0 = Debug|x64
		{D74A98D8-DF56-47E3-B108-524956751BF7}.Debug|x64.Deploy.0 = Debug|x64
		{D74A98D8-DF56-47E3-B108-524956751BF7}.Debug|x86.ActiveCfg = Debug|x86
		{D74A98D8-DF56-47E3-B108-524956751BF7}.Debug|x86.Build.0 = Debug|x86
		{D74A98D8-DF56-47E3-B108-524956751BF7}.Debug|x86.Deploy.0 = Debug|x86
		{D74A98D8-DF56-47E3-B108-524956751BF7}.Release|Any CPU.ActiveCfg = Release|x64
		{D74A98D8-DF56-47E3-B108-524956751BF7}.Release|Any CPU.Build.0 = Release|x64
		{D74A98D8-DF56-47E3-B108-524956751BF7}.Release|Any CPU.Deploy.0 = Release|x64
		{D74A98D8-DF56-47E3-B108-524956751BF7}.Release|ARM64.ActiveCfg = Release|ARM64
		{D74A98D8-DF56-47E3-B108-524956751BF7}.Release|ARM64.Build.0 = Release|ARM64
		{D74A98D8-DF56-47E3-B108-524956751BF7}.Release|ARM64.Deploy.0 = Release|ARM64
		{D74A98D8-DF56-47E3-B108-524956751BF7}.Release|x64.ActiveCfg = Release|x64
		{D74A98D8-DF56-47E3-B108-524956751BF7}.Release|x64.Build.0 = Release|x64
		{D74A98D8-DF56-47E3-B108-524956751BF7}.Release|x64.Deploy.0 = Release|x64
		{D74A98D8-DF56-47E3-B108-524956751BF7}.Release|x86.ActiveCfg = Release|x86
		{D74A98D8-DF56-47E3-B108-524956751BF7}.Release|x86.Build.0 = Release|x86
		{D74A98D8-DF56-47E3-B108-524956751BF7}.Release|x86.Deploy.0 = Release|x86
	EndGlobalSection
	GlobalSection(SolutionProperties) = preSolution
		HideSolutionNode = FALSE
	EndGlobalSection
	GlobalSection(ExtensibilityGlobals) = postSolution
		SolutionGuid = {1DFEA6B6-EAE1-4A0D-A0AB-81508FC79C9C}
	EndGlobalSection
EndGlobal
